
Microsoft Visual Studio Solution File, Format Version 12.00
# Visual Studio 15
VisualStudioVersion = 15.0.27703.2026
MinimumVisualStudioVersion = 10.0.40219.1
Project("{FAE04EC0-301F-11D3-BF4B-00C04F79EFBC}") = "OTP", "OTP\OTP.csproj", "{28B2A6E6-41A1-4B32-89A2-6840B130C920}"
EndProject
Global
	GlobalSection(SolutionConfigurationPlatforms) = preSolution
		Debug|Any CPU = Debug|Any CPU
		Release|Any CPU = Release|Any CPU
	EndGlobalSection
	GlobalSection(ProjectConfigurationPlatforms) = postSolution
		{28B2A6E6-41A1-4B32-89A2-6840B130C920}.Debug|Any CPU.ActiveCfg = Debug|Any CPU
		{28B2A6E6-41A1-4B32-89A2-6840B130C920}.Debug|Any CPU.Build.0 = Debug|Any CPU
		{28B2A6E6-41A1-4B32-89A2-6840B130C920}.Release|Any CPU.ActiveCfg = Release|Any CPU
		{28B2A6E6-41A1-4B32-89A2-6840B130C920}.Release|Any CPU.Build.0 = Release|Any CPU
	EndGlobalSection
	GlobalSection(SolutionProperties) = preSolution
		HideSolutionNode = FALSE
	EndGlobalSection
	GlobalSection(ExtensibilityGlobals) = postSolution
		SolutionGuid = {A9515D0D-476E-42A1-AE33-DE5A5E0C555A}
	EndGlobalSection
EndGlobal
